
Microsoft Visual Studio Solution File, Format Version 12.00
# Visual Studio Version 17
VisualStudioVersion = 17.6.33829.357
MinimumVisualStudioVersion = 10.0.40219.1
Project("{FAE04EC0-301F-11D3-BF4B-00C04F79EFBC}") = "SeguimientoDNT.Api", "SeguimientoDNT.Api\SeguimientoDNT.Api.csproj", "{36C4D82C-4382-4ADA-B73E-4C22D1A5575D}"
EndProject
Project("{FAE04EC0-301F-11D3-BF4B-00C04F79EFBC}") = "SeguimientoDNT.Core", "SeguimientoDNT.Core\SeguimientoDNT.Core.csproj", "{8E76AE6B-5624-4B1D-9171-DEB718A86417}"
EndProject
Project("{FAE04EC0-301F-11D3-BF4B-00C04F79EFBC}") = "SeguimientoDNT.Infra", "SeguimientoDNT.Infra\SeguimientoDNT.Infra.csproj", "{66C1676C-C889-4AA0-A052-02304AE9432B}"
EndProject
Global
	GlobalSection(SolutionConfigurationPlatforms) = preSolution
		Debug|Any CPU = Debug|Any CPU
		Release|Any CPU = Release|Any CPU
	EndGlobalSection
	GlobalSection(ProjectConfigurationPlatforms) = postSolution
		{36C4D82C-4382-4ADA-B73E-4C22D1A5575D}.Debug|Any CPU.ActiveCfg = Debug|Any CPU
		{36C4D82C-4382-4ADA-B73E-4C22D1A5575D}.Debug|Any CPU.Build.0 = Debug|Any CPU
		{36C4D82C-4382-4ADA-B73E-4C22D1A5575D}.Release|Any CPU.ActiveCfg = Release|Any CPU
		{36C4D82C-4382-4ADA-B73E-4C22D1A5575D}.Release|Any CPU.Build.0 = Release|Any CPU
		{8E76AE6B-5624-4B1D-9171-DEB718A86417}.Debug|Any CPU.ActiveCfg = Debug|Any CPU
		{8E76AE6B-5624-4B1D-9171-DEB718A86417}.Debug|Any CPU.Build.0 = Debug|Any CPU
		{8E76AE6B-5624-4B1D-9171-DEB718A86417}.Release|Any CPU.ActiveCfg = Release|Any CPU
		{8E76AE6B-5624-4B1D-9171-DEB718A86417}.Release|Any CPU.Build.0 = Release|Any CPU
		{66C1676C-C889-4AA0-A052-02304AE9432B}.Debug|Any CPU.ActiveCfg = Debug|Any CPU
		{66C1676C-C889-4AA0-A052-02304AE9432B}.Debug|Any CPU.Build.0 = Debug|Any CPU
		{66C1676C-C889-4AA0-A052-02304AE9432B}.Release|Any CPU.ActiveCfg = Release|Any CPU
		{66C1676C-C889-4AA0-A052-02304AE9432B}.Release|Any CPU.Build.0 = Release|Any CPU
	EndGlobalSection
	GlobalSection(SolutionProperties) = preSolution
		HideSolutionNode = FALSE
	EndGlobalSection
	GlobalSection(ExtensibilityGlobals) = postSolution
		SolutionGuid = {50EEFDC5-19F8-4DBE-9507-9154ED1C8638}
	EndGlobalSection
EndGlobal
